
Microsoft Visual Studio Solution File, Format Version 12.00
# Visual Studio Version 17
VisualStudioVersion = 17.14.36915.13 d17.14
MinimumVisualStudioVersion = 10.0.40219.1
Project("{FAE04EC0-301F-11D3-BF4B-00C04F79EFBC}") = "BibliotecaAPI", "BibliotecaAPI.csproj", "{A5A08195-C3C4-478D-807B-FC825DC6FA08}"
EndProject
Global
	GlobalSection(SolutionConfigurationPlatforms) = preSolution
		Debug|Any CPU = Debug|Any CPU
		Release|Any CPU = Release|Any CPU
	EndGlobalSection
	GlobalSection(ProjectConfigurationPlatforms) = postSolution
		{A5A08195-C3C4-478D-807B-FC825DC6FA08}.Debug|Any CPU.ActiveCfg = Debug|Any CPU
		{A5A08195-C3C4-478D-807B-FC825DC6FA08}.Debug|Any CPU.Build.0 = Debug|Any CPU
		{A5A08195-C3C4-478D-807B-FC825DC6FA08}.Release|Any CPU.ActiveCfg = Release|Any CPU
		{A5A08195-C3C4-478D-807B-FC825DC6FA08}.Release|Any CPU.Build.0 = Release|Any CPU
	EndGlobalSection
	GlobalSection(SolutionProperties) = preSolution
		HideSolutionNode = FALSE
	EndGlobalSection
	GlobalSection(ExtensibilityGlobals) = postSolution
		SolutionGuid = {C02EEDF2-DE43-4466-A986-E8752625F161}
	EndGlobalSection
EndGlobal
